{
    "name": "typo3-fluid-viewhelper-snippets",
    "version": "0.5.0",
    "lockfileVersion": 3,
    "requires": true,
    "packages": {
        "": {
            "name": "typo3-fluid-viewhelper-snippets",
            "version": "0.5.0",
            "license": "MIT",
            "devDependencies": {
                "@krudi/prettier-config": "^0.1.8"
            },
            "engines": {
                "vscode": "^1.105.0"
            }
        },
        "node_modules/@krudi/prettier-config": {
            "version": "0.1.8",
            "resolved": "https://registry.npmjs.org/@krudi/prettier-config/-/prettier-config-0.1.8.tgz",
            "integrity": "sha512-NhEyTvT/8EiOApTgdTEgbPUP9qZaXgvBjR70x3SuVjQMD3q1/6Z6L0Pd6J6ylRt+7T25eJKRsOeguCnqKpO4SQ==",
            "dev": true,
            "dependencies": {
                "@prettier/plugin-xml": "^3.4.2",
                "prettier": "^3.7.4",
                "prettier-plugin-curly": "^0.4.1",
                "prettier-plugin-packagejson": "^2.5.20"
            },
            "engines": {
                "node": ">= 22.18.0"
            }
        },
        "node_modules/@prettier/plugin-xml": {
            "version": "3.4.2",
            "resolved": "https://registry.npmjs.org/@prettier/plugin-xml/-/plugin-xml-3.4.2.tgz",
            "integrity": "sha512-/UyNlHfkuLXG6Ed85KB0WBF283xn2yavR+UtRibBRUcvEJId2DSLdGXwJ/cDa1X++SWDPzq3+GSFniHjkNy7yg==",
            "dev": true,
            "dependencies": {
                "@xml-tools/parser": "^1.0.11"
            },
            "peerDependencies": {
                "prettier": "^3.0.0"
            }
        },
        "node_modules/@xml-tools/parser": {
            "version": "1.0.11",
            "resolved": "https://registry.npmjs.org/@xml-tools/parser/-/parser-1.0.11.tgz",
            "integrity": "sha512-aKqQ077XnR+oQtHJlrAflaZaL7qZsulWc/i/ZEooar5JiWj1eLt0+Wg28cpa+XLney107wXqneC+oG1IZvxkTA==",
            "dev": true,
            "dependencies": {
                "chevrotain": "7.1.1"
            }
        },
        "node_modules/chevrotain": {
            "version": "7.1.1",
            "resolved": "https://registry.npmjs.org/chevrotain/-/chevrotain-7.1.1.tgz",
            "integrity": "sha512-wy3mC1x4ye+O+QkEinVJkPf5u2vsrDIYW9G7ZuwFl6v/Yu0LwUuT2POsb+NUWApebyxfkQq6+yDfRExbnI5rcw==",
            "dev": true,
            "dependencies": {
                "regexp-to-ast": "0.5.0"
            }
        },
        "node_modules/detect-indent": {
            "version": "7.0.2",
            "resolved": "https://registry.npmjs.org/detect-indent/-/detect-indent-7.0.2.tgz",
            "integrity": "sha512-y+8xyqdGLL+6sh0tVeHcfP/QDd8gUgbasolJJpY7NgeQGSZ739bDtSiaiDgtoicy+mtYB81dKLxO9xRhCyIB3A==",
            "dev": true,
            "engines": {
                "node": ">=12.20"
            },
            "funding": {
                "url": "https://github.com/sponsors/sindresorhus"
            }
        },
        "node_modules/detect-newline": {
            "version": "4.0.1",
            "resolved": "https://registry.npmjs.org/detect-newline/-/detect-newline-4.0.1.tgz",
            "integrity": "sha512-qE3Veg1YXzGHQhlA6jzebZN2qVf6NX+A7m7qlhCGG30dJixrAQhYOsJjsnBjJkCSmuOPpCk30145fr8FV0bzog==",
            "dev": true,
            "engines": {
                "node": "^12.20.0 || ^14.13.1 || >=16.0.0"
            },
            "funding": {
                "url": "https://github.com/sponsors/sindresorhus"
            }
        },
        "node_modules/fdir": {
            "version": "6.5.0",
            "resolved": "https://registry.npmjs.org/fdir/-/fdir-6.5.0.tgz",
            "integrity": "sha512-tIbYtZbucOs0BRGqPJkshJUYdL+SDH7dVM8gjy+ERp3WAUjLEFJE+02kanyHtwjWOnwrKYBiwAmM0p4kLJAnXg==",
            "dev": true,
            "engines": {
                "node": ">=12.0.0"
            },
            "peerDependencies": {
                "picomatch": "^3 || ^4"
            },
            "peerDependenciesMeta": {
                "picomatch": {
                    "optional": true
                }
            }
        },
        "node_modules/git-hooks-list": {
            "version": "4.2.1",
            "resolved": "https://registry.npmjs.org/git-hooks-list/-/git-hooks-list-4.2.1.tgz",
            "integrity": "sha512-WNvqJjOxxs/8ZP9+DWdwWJ7cDsd60NHf39XnD82pDVrKO5q7xfPqpkK6hwEAmBa/ZSEE4IOoR75EzbbIuwGlMw==",
            "dev": true,
            "funding": {
                "url": "https://github.com/fisker/git-hooks-list?sponsor=1"
            }
        },
        "node_modules/is-plain-obj": {
            "version": "4.1.0",
            "resolved": "https://registry.npmjs.org/is-plain-obj/-/is-plain-obj-4.1.0.tgz",
            "integrity": "sha512-+Pgi+vMuUNkJyExiMBt5IlFoMyKnr5zhJ4Uspz58WOhBF5QoIZkFyNHIbBAtHwzVAgk5RtndVNsDRN61/mmDqg==",
            "dev": true,
            "engines": {
                "node": ">=12"
            },
            "funding": {
                "url": "https://github.com/sponsors/sindresorhus"
            }
        },
        "node_modules/picomatch": {
            "version": "4.0.4",
            "resolved": "https://registry.npmjs.org/picomatch/-/picomatch-4.0.4.tgz",
            "integrity": "sha512-QP88BAKvMam/3NxH6vj2o21R6MjxZUAd6nlwAS/pnGvN9IVLocLHxGYIzFhg6fUQ+5th6P4dv4eW9jX3DSIj7A==",
            "dev": true,
            "engines": {
                "node": ">=12"
            },
            "funding": {
                "url": "https://github.com/sponsors/jonschlinkert"
            }
        },
        "node_modules/prettier": {
            "version": "3.8.1",
            "resolved": "https://registry.npmjs.org/prettier/-/prettier-3.8.1.tgz",
            "integrity": "sha512-UOnG6LftzbdaHZcKoPFtOcCKztrQ57WkHDeRD9t/PTQtmT0NHSeWWepj6pS0z/N7+08BHFDQVUrfmfMRcZwbMg==",
            "dev": true,
            "bin": {
                "prettier": "bin/prettier.cjs"
            },
            "engines": {
                "node": ">=14"
            },
            "funding": {
                "url": "https://github.com/prettier/prettier?sponsor=1"
            }
        },
        "node_modules/prettier-plugin-curly": {
            "version": "0.4.1",
            "resolved": "https://registry.npmjs.org/prettier-plugin-curly/-/prettier-plugin-curly-0.4.1.tgz",
            "integrity": "sha512-Xc7zatoD0/08zYFv+hwnlqT5ekM81DCbBr73CWAsr1Fmx7qLQT/M0wfPx6w/+zfnmXH009xYvjzLUPcwzq7Fbw==",
            "dev": true,
            "engines": {
                "node": ">=18"
            },
            "peerDependencies": {
                "prettier": "^3"
            }
        },
        "node_modules/prettier-plugin-packagejson": {
            "version": "2.5.22",
            "resolved": "https://registry.npmjs.org/prettier-plugin-packagejson/-/prettier-plugin-packagejson-2.5.22.tgz",
            "integrity": "sha512-G6WalmoUssKF8ZXkni0+n4324K+gG143KPysSQNW+FrR0XyNb3BdRxchGC/Q1FE/F702p7/6KU7r4mv0WSWbzA==",
            "dev": true,
            "dependencies": {
                "sort-package-json": "3.6.0"
            },
            "peerDependencies": {
                "prettier": ">= 1.16.0"
            },
            "peerDependenciesMeta": {
                "prettier": {
                    "optional": true
                }
            }
        },
        "node_modules/regexp-to-ast": {
            "version": "0.5.0",
            "resolved": "https://registry.npmjs.org/regexp-to-ast/-/regexp-to-ast-0.5.0.tgz",
            "integrity": "sha512-tlbJqcMHnPKI9zSrystikWKwHkBqu2a/Sgw01h3zFjvYrMxEDYHzzoMZnUrbIfpTFEsoRnnviOXNCzFiSc54Qw==",
            "dev": true
        },
        "node_modules/semver": {
            "version": "7.7.4",
            "resolved": "https://registry.npmjs.org/semver/-/semver-7.7.4.tgz",
            "integrity": "sha512-vFKC2IEtQnVhpT78h1Yp8wzwrf8CM+MzKMHGJZfBtzhZNycRFnXsHk6E5TxIkkMsgNS7mdX3AGB7x2QM2di4lA==",
            "dev": true,
            "bin": {
                "semver": "bin/semver.js"
            },
            "engines": {
                "node": ">=10"
            }
        },
        "node_modules/sort-object-keys": {
            "version": "2.1.0",
            "resolved": "https://registry.npmjs.org/sort-object-keys/-/sort-object-keys-2.1.0.tgz",
            "integrity": "sha512-SOiEnthkJKPv2L6ec6HMwhUcN0/lppkeYuN1x63PbyPRrgSPIuBJCiYxYyvWRTtjMlOi14vQUCGUJqS6PLVm8g==",
            "dev": true
        },
        "node_modules/sort-package-json": {
            "version": "3.6.0",
            "resolved": "https://registry.npmjs.org/sort-package-json/-/sort-package-json-3.6.0.tgz",
            "integrity": "sha512-fyJsPLhWvY7u2KsKPZn1PixbXp+1m7V8NWqU8CvgFRbMEX41Ffw1kD8n0CfJiGoaSfoAvbrqRRl/DcHO8omQOQ==",
            "dev": true,
            "dependencies": {
                "detect-indent": "^7.0.2",
                "detect-newline": "^4.0.1",
                "git-hooks-list": "^4.1.1",
                "is-plain-obj": "^4.1.0",
                "semver": "^7.7.3",
                "sort-object-keys": "^2.0.1",
                "tinyglobby": "^0.2.15"
            },
            "bin": {
                "sort-package-json": "cli.js"
            },
            "engines": {
                "node": ">=20"
            }
        },
        "node_modules/tinyglobby": {
            "version": "0.2.15",
            "resolved": "https://registry.npmjs.org/tinyglobby/-/tinyglobby-0.2.15.tgz",
            "integrity": "sha512-j2Zq4NyQYG5XMST4cbs02Ak8iJUdxRM0XI5QyxXuZOzKOINmWurp3smXu3y5wDcJrptwpSjgXHzIQxR0omXljQ==",
            "dev": true,
            "dependencies": {
                "fdir": "^6.5.0",
                "picomatch": "^4.0.3"
            },
            "engines": {
                "node": ">=12.0.0"
            },
            "funding": {
                "url": "https://github.com/sponsors/SuperchupuDev"
            }
        }
    }
}
